<?xml version="1.0" encoding="utf-8"?>
<Project ToolsVersion="4.0" xmlns="http://schemas.microsoft.com/developer/msbuild/2003">
  <ItemGroup>
    <Filter Include="ソース ファイル">
      <UniqueIdentifier>{4FC737F1-C7A5-4376-A066-2A32D752A2FF}</UniqueIdentifier>
      <Extensions>cpp;c;cc;cxx;def;odl;idl;hpj;bat;asm;asmx</Extensions>
    </Filter>
    <Filter Include="ヘッダー ファイル">
      <UniqueIdentifier>{93995380-89BD-4b04-88EB-625FBE52EBFB}</UniqueIdentifier>
      <Extensions>h;hh;hpp;hxx;hm;inl;inc;ipp;xsd</Extensions>
    </Filter>
    <Filter Include="リソース ファイル">
      <UniqueIdentifier>{67DA6AB6-F800-4c08-8B7A-83BB121AAD01}</UniqueIdentifier>
      <Extensions>rc;ico;cur;bmp;dlg;rc2;rct;bin;rgs;gif;jpg;jpeg;jpe;resx;tiff;tif;png;wav;mfcribbon-ms</Extensions>
    </Filter>
  </ItemGroup>
  <ItemGroup>
    <ClCompile Include="Profile.c">
      <Filter>ソース ファイル</Filter>
    </ClCompile>
    <ClCompile Include="Protocol.c">
      <Filter>ソース ファイル</Filter>
    </ClCompile>
    <ClCompile Include="SelectDll.c">
      <Filter>ソース ファイル</Filter>
    </ClCompile>
    <ClCompile Include="SelectFolder.c">
      <Filter>ソース ファイル</Filter>
    </ClCompile>
    <ClCompile Include="SelectIcon.c">
      <Filter>ソース ファイル</Filter>
    </ClCompile>
    <ClCompile Include="StatusBar.c">
      <Filter>ソース ファイル</Filter>
    </ClCompile>
    <ClCompile Include="String.c">
      <Filter>ソース ファイル</Filter>
    </ClCompile>
    <ClCompile Include="Tool.c">
      <Filter>ソース ファイル</Filter>
    </ClCompile>
    <ClCompile Include="ToolBar.c">
      <Filter>ソース ファイル</Filter>
    </ClCompile>
    <ClCompile Include="TreeView.c">
      <Filter>ソース ファイル</Filter>
    </ClCompile>
    <ClCompile Include="undo.c">
      <Filter>ソース ファイル</Filter>
    </ClCompile>
    <ClCompile Include="UpMessage.c">
      <Filter>ソース ファイル</Filter>
    </ClCompile>
    <ClCompile Include="AutoCheck.c">
      <Filter>ソース ファイル</Filter>
    </ClCompile>
    <ClCompile Include="Check.c">
      <Filter>ソース ファイル</Filter>
    </ClCompile>
    <ClCompile Include="ClipBoard.c">
      <Filter>ソース ファイル</Filter>
    </ClCompile>
    <ClCompile Include="Dialog.c">
      <Filter>ソース ファイル</Filter>
    </ClCompile>
    <ClCompile Include="DragDrop.c">
      <Filter>ソース ファイル</Filter>
    </ClCompile>
    <ClCompile Include="File.c">
      <Filter>ソース ファイル</Filter>
    </ClCompile>
    <ClCompile Include="FindItem.c">
      <Filter>ソース ファイル</Filter>
    </ClCompile>
    <ClCompile Include="Font.c">
      <Filter>ソース ファイル</Filter>
    </ClCompile>
    <ClCompile Include="Frame.c">
      <Filter>ソース ファイル</Filter>
    </ClCompile>
    <ClCompile Include="ImageList.c">
      <Filter>ソース ファイル</Filter>
    </ClCompile>
    <ClCompile Include="Ini.c">
      <Filter>ソース ファイル</Filter>
    </ClCompile>
    <ClCompile Include="Item.c">
      <Filter>ソース ファイル</Filter>
    </ClCompile>
    <ClCompile Include="ListView.c">
      <Filter>ソース ファイル</Filter>
    </ClCompile>
    <ClCompile Include="main.c">
      <Filter>ソース ファイル</Filter>
    </ClCompile>
    <ClCompile Include="Memory.c">
      <Filter>ソース ファイル</Filter>
    </ClCompile>
    <ClCompile Include="Menu.c">
      <Filter>ソース ファイル</Filter>
    </ClCompile>
    <ClCompile Include="OleDragDrop.c">
      <Filter>ソース ファイル</Filter>
    </ClCompile>
    <ClCompile Include="Option.c">
      <Filter>ソース ファイル</Filter>
    </ClCompile>
  </ItemGroup>
  <ItemGroup>
    <ClInclude Include="resource.h">
      <Filter>ヘッダー ファイル</Filter>
    </ClInclude>
    <ClInclude Include="Strtbl.h">
      <Filter>ヘッダー ファイル</Filter>
    </ClInclude>
    <ClInclude Include="General.h">
      <Filter>ヘッダー ファイル</Filter>
    </ClInclude>
    <ClInclude Include="Memory.h">
      <Filter>ヘッダー ファイル</Filter>
    </ClInclude>
    <ClInclude Include="OleDragDrop.h">
      <Filter>ヘッダー ファイル</Filter>
    </ClInclude>
    <ClInclude Include="Profile.h">
      <Filter>ヘッダー ファイル</Filter>
    </ClInclude>
  </ItemGroup>
  <ItemGroup>
    <ResourceCompile Include="WWWC.rc">
      <Filter>リソース ファイル</Filter>
    </ResourceCompile>
  </ItemGroup>
  <ItemGroup>
    <Xml Include="manifest.xml">
      <Filter>ソース ファイル</Filter>
    </Xml>
  </ItemGroup>
  <ItemGroup>
    <Image Include="res\icon_mai.ico">
      <Filter>リソース ファイル</Filter>
    </Image>
    <Image Include="res\icon1.ico">
      <Filter>リソース ファイル</Filter>
    </Image>
    <Image Include="res\icon_up.ico">
      <Filter>リソース ファイル</Filter>
    </Image>
    <Image Include="res\icon_err.ico">
      <Filter>リソース ファイル</Filter>
    </Image>
    <Image Include="res\icon_tim.ico">
      <Filter>リソース ファイル</Filter>
    </Image>
    <Image Include="res\icon_no.ico">
      <Filter>リソース ファイル</Filter>
    </Image>
    <Image Include="res\icon_che.ico">
      <Filter>リソース ファイル</Filter>
    </Image>
    <Image Include="res\icon_wai.ico">
      <Filter>リソース ファイル</Filter>
    </Image>
    <Image Include="res\ico00001.ico">
      <Filter>リソース ファイル</Filter>
    </Image>
    <Image Include="res\ico00003.ico">
      <Filter>リソース ファイル</Filter>
    </Image>
    <Image Include="res\ico00004.ico">
      <Filter>リソース ファイル</Filter>
    </Image>
    <Image Include="res\icon_rec.ico">
      <Filter>リソース ファイル</Filter>
    </Image>
    <Image Include="res\ico00005.ico">
      <Filter>リソース ファイル</Filter>
    </Image>
    <Image Include="res\ico00006.ico">
      <Filter>リソース ファイル</Filter>
    </Image>
    <Image Include="res\icon_noa.ico">
      <Filter>リソース ファイル</Filter>
    </Image>
    <Image Include="res\ico00007.ico">
      <Filter>リソース ファイル</Filter>
    </Image>
    <Image Include="res\ico00002.ico">
      <Filter>リソース ファイル</Filter>
    </Image>
    <Image Include="res\icon_non.ico">
      <Filter>リソース ファイル</Filter>
    </Image>
    <Image Include="res\toolbar.bmp">
      <Filter>リソース ファイル</Filter>
    </Image>
    <Image Include="res\bitmap_a.bmp">
      <Filter>リソース ファイル</Filter>
    </Image>
    <Image Include="res\wwwc_umi.bmp">
      <Filter>リソース ファイル</Filter>
    </Image>
    <Image Include="res\wwwc_text.bmp">
      <Filter>リソース ファイル</Filter>
    </Image>
    <Image Include="res\nakka.bmp">
      <Filter>リソース ファイル</Filter>
    </Image>
  </ItemGroup>
  <ItemGroup>
    <None Include="res\cursor1.cur">
      <Filter>リソース ファイル</Filter>
    </None>
    <None Include="res\cur00001.cur">
      <Filter>リソース ファイル</Filter>
    </None>
  </ItemGroup>
</Project>